
Microsoft Visual Studio Solution File, Format Version 12.00
# Visual Studio Version 17
VisualStudioVersion = 17.7.34018.315
MinimumVisualStudioVersion = 10.0.40219.1
Project("{FAE04EC0-301F-11D3-BF4B-00C04F79EFBC}") = "Test_Drive", "Test_Drive.csproj", "{A49B44FF-AC2D-4E0B-AF0D-39246B548D06}"
EndProject
Global
	GlobalSection(SolutionConfigurationPlatforms) = preSolution
		Debug|Any CPU = Debug|Any CPU
		Release|Any CPU = Release|Any CPU
	EndGlobalSection
	GlobalSection(ProjectConfigurationPlatforms) = postSolution
		{A49B44FF-AC2D-4E0B-AF0D-39246B548D06}.Debug|Any CPU.ActiveCfg = Debug|Any CPU
		{A49B44FF-AC2D-4E0B-AF0D-39246B548D06}.Debug|Any CPU.Build.0 = Debug|Any CPU
		{A49B44FF-AC2D-4E0B-AF0D-39246B548D06}.Release|Any CPU.ActiveCfg = Release|Any CPU
		{A49B44FF-AC2D-4E0B-AF0D-39246B548D06}.Release|Any CPU.Build.0 = Release|Any CPU
	EndGlobalSection
	GlobalSection(SolutionProperties) = preSolution
		HideSolutionNode = FALSE
	EndGlobalSection
	GlobalSection(ExtensibilityGlobals) = postSolution
		SolutionGuid = {28F18575-0214-4983-B1E9-3C1E9A187F4C}
	EndGlobalSection
EndGlobal
